PODS:
  - Alamofire (4.9.1)
  - AlamofireImage (3.6.0):
    - Alamofire (~> 4.9)
  - PromiseKit/Alamofire (6.12.0):
    - Alamofire (~> 4.0)
    - PromiseKit/CorePromise
  - PromiseKit/CorePromise (6.12.0)
  - SwiftyJSON (5.0.0)

DEPENDENCIES:
  - Alamofire
  - AlamofireImage
  - PromiseKit/Alamofire
  - SwiftyJSON

SPEC REPOS:
  trunk:
    - Alamofire
    - AlamofireImage
    - PromiseKit
    - SwiftyJSON

SPEC CHECKSUMS:
  Alamofire: 85e8a02c69d6020a0d734f6054870d7ecb75cf18
  AlamofireImage: be9963c6582d68b39e89191f64c82a7d7bf40fdd
  PromiseKit: c06835ba442ce5454ce3cdde470232804a6e4ff8
  SwiftyJSON: 36413e04c44ee145039d332b4f4e2d3e8d6c4db7

PODFILE CHECKSUM: d26e414a1bb4d88fa330abf2ba7874f886fb09a5

COCOAPODS: 1.8.4
